
Microsoft Visual Studio Solution File, Format Version 12.00
# Visual Studio 2013
VisualStudioVersion = 12.0.31101.0
MinimumVisualStudioVersion = 10.0.40219.1
Project("{FAE04EC0-301F-11D3-BF4B-00C04F79EFBC}") = "PortlessWebHost", "PortlessWebHost\PortlessWebHost.csproj", "{29E947E5-2C54-456D-B788-9F9B162AEC32}"
EndProject
Project("{2150E333-8FDC-42A3-9474-1A3956D46DE8}") = ".build", ".build", "{62B15863-0E8A-41EF-9844-C35569B5DA0C}"
	ProjectSection(SolutionItems) = preProject
		Build.proj = Build.proj
		.build\MSBuild.Community.Tasks.dll = .build\MSBuild.Community.Tasks.dll
		.build\MSBuild.Community.Tasks.targets = .build\MSBuild.Community.Tasks.targets
	EndProjectSection
EndProject
Project("{FAE04EC0-301F-11D3-BF4B-00C04F79EFBC}") = "PortlessWebHost.TestWebSite", "PortlessWebHost.TestWebSite\PortlessWebHost.TestWebSite.csproj", "{3D15CFEF-620D-4721-9402-8887987431D3}"
EndProject
Project("{FAE04EC0-301F-11D3-BF4B-00C04F79EFBC}") = "PortlessWebHost.Tests", "PortlessWebHost.Tests\PortlessWebHost.Tests.csproj", "{24B4B5A8-87D4-4464-983C-15DC98088540}"
	ProjectSection(ProjectDependencies) = postProject
		{3D15CFEF-620D-4721-9402-8887987431D3} = {3D15CFEF-620D-4721-9402-8887987431D3}
	EndProjectSection
EndProject
Project("{FAE04EC0-301F-11D3-BF4B-00C04F79EFBC}") = "PortlessWebHost.CassiniDev", "PortlessWebHost.CassiniDev\PortlessWebHost.CassiniDev.csproj", "{90D5C1C1-4AAA-49FE-82BF-2E12EA0011EF}"
EndProject
Project("{FAE04EC0-301F-11D3-BF4B-00C04F79EFBC}") = "PortlessWebHost.TestWebSite2", "PortlessWebHost.TestWebSite2\PortlessWebHost.TestWebSite2.csproj", "{323C3F0A-B00C-43A0-ABA4-60331A6C4EE5}"
EndProject
Global
	GlobalSection(SolutionConfigurationPlatforms) = preSolution
		Debug|Any CPU = Debug|Any CPU
		Release|Any CPU = Release|Any CPU
	EndGlobalSection
	GlobalSection(ProjectConfigurationPlatforms) = postSolution
		{29E947E5-2C54-456D-B788-9F9B162AEC32}.Debug|Any CPU.ActiveCfg = Debug|Any CPU
		{29E947E5-2C54-456D-B788-9F9B162AEC32}.Debug|Any CPU.Build.0 = Debug|Any CPU
		{29E947E5-2C54-456D-B788-9F9B162AEC32}.Release|Any CPU.ActiveCfg = Release|Any CPU
		{29E947E5-2C54-456D-B788-9F9B162AEC32}.Release|Any CPU.Build.0 = Release|Any CPU
		{3D15CFEF-620D-4721-9402-8887987431D3}.Debug|Any CPU.ActiveCfg = Debug|Any CPU
		{3D15CFEF-620D-4721-9402-8887987431D3}.Debug|Any CPU.Build.0 = Debug|Any CPU
		{3D15CFEF-620D-4721-9402-8887987431D3}.Release|Any CPU.ActiveCfg = Release|Any CPU
		{3D15CFEF-620D-4721-9402-8887987431D3}.Release|Any CPU.Build.0 = Release|Any CPU
		{24B4B5A8-87D4-4464-983C-15DC98088540}.Debug|Any CPU.ActiveCfg = Debug|Any CPU
		{24B4B5A8-87D4-4464-983C-15DC98088540}.Debug|Any CPU.Build.0 = Debug|Any CPU
		{24B4B5A8-87D4-4464-983C-15DC98088540}.Release|Any CPU.ActiveCfg = Release|Any CPU
		{24B4B5A8-87D4-4464-983C-15DC98088540}.Release|Any CPU.Build.0 = Release|Any CPU
		{90D5C1C1-4AAA-49FE-82BF-2E12EA0011EF}.Debug|Any CPU.ActiveCfg = Debug|Any CPU
		{90D5C1C1-4AAA-49FE-82BF-2E12EA0011EF}.Debug|Any CPU.Build.0 = Debug|Any CPU
		{90D5C1C1-4AAA-49FE-82BF-2E12EA0011EF}.Release|Any CPU.ActiveCfg = Release|Any CPU
		{90D5C1C1-4AAA-49FE-82BF-2E12EA0011EF}.Release|Any CPU.Build.0 = Release|Any CPU
		{323C3F0A-B00C-43A0-ABA4-60331A6C4EE5}.Debug|Any CPU.ActiveCfg = Debug|Any CPU
		{323C3F0A-B00C-43A0-ABA4-60331A6C4EE5}.Debug|Any CPU.Build.0 = Debug|Any CPU
		{323C3F0A-B00C-43A0-ABA4-60331A6C4EE5}.Release|Any CPU.ActiveCfg = Release|Any CPU
		{323C3F0A-B00C-43A0-ABA4-60331A6C4EE5}.Release|Any CPU.Build.0 = Release|Any CPU
	EndGlobalSection
	GlobalSection(SolutionProperties) = preSolution
		HideSolutionNode = FALSE
	EndGlobalSection
EndGlobal
